
Microsoft Visual Studio Solution File, Format Version 12.00
Project("{FAE04EC0-301F-11D3-BF4B-00C04F79EFBC}") = "TicTacToe", "TicTacToe\TicTacToe.csproj", "{304BDC83-D148-4CC9-AC0B-4BDDF0F10FFE}"
EndProject
Global
	GlobalSection(SolutionConfigurationPlatforms) = preSolution
		Debug|Any CPU = Debug|Any CPU
		Release|Any CPU = Release|Any CPU
	EndGlobalSection
	GlobalSection(ProjectConfigurationPlatforms) = postSolution
		{304BDC83-D148-4CC9-AC0B-4BDDF0F10FFE}.Debug|Any CPU.ActiveCfg = Debug|Any CPU
		{304BDC83-D148-4CC9-AC0B-4BDDF0F10FFE}.Debug|Any CPU.Build.0 = Debug|Any CPU
		{304BDC83-D148-4CC9-AC0B-4BDDF0F10FFE}.Release|Any CPU.ActiveCfg = Release|Any CPU
		{304BDC83-D148-4CC9-AC0B-4BDDF0F10FFE}.Release|Any CPU.Build.0 = Release|Any CPU
	EndGlobalSection
EndGlobal
